
Microsoft Visual Studio Solution File, Format Version 12.00
# Visual Studio 14
VisualStudioVersion = 14.0.25420.1
MinimumVisualStudioVersion = 10.0.40219.1
Project("{FAE04EC0-301F-11D3-BF4B-00C04F79EFBC}") = "Builder", "Source\Core\Builder.csproj", "{818B3D10-F791-4C3F-9AF5-BB2D0079B63C}"
	ProjectSection(ProjectDependencies) = postProject
		{78938655-9807-485E-9D4B-46226DC7AD27} = {78938655-9807-485E-9D4B-46226DC7AD27}
	EndProjectSection
EndProject
Project("{FAE04EC0-301F-11D3-BF4B-00C04F79EFBC}") = "BuilderModes", "Source\Plugins\BuilderModes\BuilderModes.csproj", "{B42D5AA0-F9A6-4234-9C4B-A05B11A64851}"
EndProject
Project("{FAE04EC0-301F-11D3-BF4B-00C04F79EFBC}") = "BuilderEffects", "Source\Plugins\BuilderEffects\BuilderEffects.csproj", "{B859BE0F-A992-476D-A642-FA8EFE94AAA5}"
EndProject
Project("{FAE04EC0-301F-11D3-BF4B-00C04F79EFBC}") = "ColorPicker", "Source\Plugins\ColorPicker\ColorPicker.csproj", "{A4761900-0EA3-4FE4-A919-847FD5080EFC}"
EndProject
Project("{FAE04EC0-301F-11D3-BF4B-00C04F79EFBC}") = "TagExplorer", "Source\Plugins\TagExplorer\TagExplorer.csproj", "{BE7917F3-E6FE-4D5B-8FA9-B8E7668AC731}"
EndProject
Project("{FAE04EC0-301F-11D3-BF4B-00C04F79EFBC}") = "CommentsPanel", "Source\Plugins\CommentsPanel\CommentsPanel.csproj", "{58BD8A5B-1B48-435D-8473-A92F27D06C49}"
EndProject
Project("{FAE04EC0-301F-11D3-BF4B-00C04F79EFBC}") = "NodesViewer", "Source\Plugins\NodesViewer\NodesViewer.csproj", "{9F244231-6A0C-42A6-87C5-ED9620DEE096}"
EndProject
Project("{FAE04EC0-301F-11D3-BF4B-00C04F79EFBC}") = "TagRange", "Source\Plugins\TagRange\TagRange.csproj", "{F49EFF6D-51CB-4E49-8223-AAE653C5B62F}"
EndProject
Project("{FAE04EC0-301F-11D3-BF4B-00C04F79EFBC}") = "VisplaneExplorer", "Source\Plugins\VisplaneExplorer\VisplaneExplorer.csproj", "{CF670175-7099-4090-A330-EE25C7230139}"
EndProject
Project("{FAE04EC0-301F-11D3-BF4B-00C04F79EFBC}") = "SoundPropagation", "Source\Plugins\SoundPropagationMode\SoundPropagation.csproj", "{F59B344C-DD50-4DB7-ADDD-56AAD66450AF}"
EndProject
Project("{FAE04EC0-301F-11D3-BF4B-00C04F79EFBC}") = "StairSectorBuilder", "Source\Plugins\StairSectorBuilder\StairSectorBuilder.csproj", "{3F365121-906B-409D-BB1E-37E0A78056C2}"
	ProjectSection(ProjectDependencies) = postProject
		{818B3D10-F791-4C3F-9AF5-BB2D0079B63C} = {818B3D10-F791-4C3F-9AF5-BB2D0079B63C}
	EndProjectSection
EndProject
Project("{FAE04EC0-301F-11D3-BF4B-00C04F79EFBC}") = "AutomapMode", "Source\Plugins\AutomapMode\AutomapMode.csproj", "{B33F68D5-1335-400C-A1D7-7F5602A030EF}"
EndProject
Project("{8BC9CEB8-8B4A-11D0-8D11-00A0C91BC942}") = "BuilderNative", "Source\Native\BuilderNative.vcxproj", "{78938655-9807-485E-9D4B-46226DC7AD27}"
EndProject
Project("{FAE04EC0-301F-11D3-BF4B-00C04F79EFBC}") = "ThreeDFloorMode", "Source\Plugins\3DFloorMode\ThreeDFloorMode.csproj", "{88CFD996-027B-4CBE-9828-26B2728B6127}"
EndProject
Project("{FAE04EC0-301F-11D3-BF4B-00C04F79EFBC}") = "UDBScript", "Source\Plugins\UDBScript\UDBScript.csproj", "{3088C327-5FFB-49A0-8D40-58E92D89DF07}"
	ProjectSection(ProjectDependencies) = postProject
		{818B3D10-F791-4C3F-9AF5-BB2D0079B63C} = {818B3D10-F791-4C3F-9AF5-BB2D0079B63C}
	EndProjectSection
EndProject
Global
	GlobalSection(SolutionConfigurationPlatforms) = preSolution
		Debug + Profiler|Any CPU = Debug + Profiler|Any CPU
		Debug + Profiler|x64 = Debug + Profiler|x64
		Debug + Profiler|x86 = Debug + Profiler|x86
		Debug|Any CPU = Debug|Any CPU
		Debug|x64 = Debug|x64
		Debug|x86 = Debug|x86
		Release + Profiler|Any CPU = Release + Profiler|Any CPU
		Release + Profiler|x64 = Release + Profiler|x64
		Release + Profiler|x86 = Release + Profiler|x86
		Release|Any CPU = Release|Any CPU
		Release|x64 = Release|x64
		Release|x86 = Release|x86
	EndGlobalSection
	GlobalSection(ProjectConfigurationPlatforms) = postSolution
		{818B3D10-F791-4C3F-9AF5-BB2D0079B63C}.Debug + Profiler|Any CPU.ActiveCfg = Debug + Profiler|x86
		{818B3D10-F791-4C3F-9AF5-BB2D0079B63C}.Debug + Profiler|x64.ActiveCfg = Debug + Profiler|x64
		{818B3D10-F791-4C3F-9AF5-BB2D0079B63C}.Debug + Profiler|x64.Build.0 = Debug + Profiler|x64
		{818B3D10-F791-4C3F-9AF5-BB2D0079B63C}.Debug + Profiler|x86.ActiveCfg = Debug + Profiler|x86
		{818B3D10-F791-4C3F-9AF5-BB2D0079B63C}.Debug + Profiler|x86.Build.0 = Debug + Profiler|x86
		{818B3D10-F791-4C3F-9AF5-BB2D0079B63C}.Debug|Any CPU.ActiveCfg = Debug|x86
		{818B3D10-F791-4C3F-9AF5-BB2D0079B63C}.Debug|x64.ActiveCfg = Debug|x64
		{818B3D10-F791-4C3F-9AF5-BB2D0079B63C}.Debug|x64.Build.0 = Debug|x64
		{818B3D10-F791-4C3F-9AF5-BB2D0079B63C}.Debug|x86.ActiveCfg = Debug|x86
		{818B3D10-F791-4C3F-9AF5-BB2D0079B63C}.Debug|x86.Build.0 = Debug|x86
		{818B3D10-F791-4C3F-9AF5-BB2D0079B63C}.Release + Profiler|Any CPU.ActiveCfg = Release + Profiler|x86
		{818B3D10-F791-4C3F-9AF5-BB2D0079B63C}.Release + Profiler|x64.ActiveCfg = Release + Profiler|x64
		{818B3D10-F791-4C3F-9AF5-BB2D0079B63C}.Release + Profiler|x64.Build.0 = Release + Profiler|x64
		{818B3D10-F791-4C3F-9AF5-BB2D0079B63C}.Release + Profiler|x86.ActiveCfg = Release + Profiler|x86
		{818B3D10-F791-4C3F-9AF5-BB2D0079B63C}.Release + Profiler|x86.Build.0 = Release + Profiler|x86
		{818B3D10-F791-4C3F-9AF5-BB2D0079B63C}.Release|Any CPU.ActiveCfg = Release|x86
		{818B3D10-F791-4C3F-9AF5-BB2D0079B63C}.Release|x64.ActiveCfg = Release|x64
		{818B3D10-F791-4C3F-9AF5-BB2D0079B63C}.Release|x64.Build.0 = Release|x64
		{818B3D10-F791-4C3F-9AF5-BB2D0079B63C}.Release|x86.ActiveCfg = Release|x86
		{818B3D10-F791-4C3F-9AF5-BB2D0079B63C}.Release|x86.Build.0 = Release|x86
		{B42D5AA0-F9A6-4234-9C4B-A05B11A64851}.Debug + Profiler|Any CPU.ActiveCfg = Debug + Profiler|x86
		{B42D5AA0-F9A6-4234-9C4B-A05B11A64851}.Debug + Profiler|x64.ActiveCfg = Debug + Profiler|x64
		{B42D5AA0-F9A6-4234-9C4B-A05B11A64851}.Debug + Profiler|x64.Build.0 = Debug + Profiler|x64
		{B42D5AA0-F9A6-4234-9C4B-A05B11A64851}.Debug + Profiler|x86.ActiveCfg = Debug + Profiler|x86
		{B42D5AA0-F9A6-4234-9C4B-A05B11A64851}.Debug + Profiler|x86.Build.0 = Debug + Profiler|x86
		{B42D5AA0-F9A6-4234-9C4B-A05B11A64851}.Debug|Any CPU.ActiveCfg = Debug|x86
		{B42D5AA0-F9A6-4234-9C4B-A05B11A64851}.Debug|x64.ActiveCfg = Debug|x64
		{B42D5AA0-F9A6-4234-9C4B-A05B11A64851}.Debug|x64.Build.0 = Debug|x64
		{B42D5AA0-F9A6-4234-9C4B-A05B11A64851}.Debug|x86.ActiveCfg = Debug|x86
		{B42D5AA0-F9A6-4234-9C4B-A05B11A64851}.Debug|x86.Build.0 = Debug|x86
		{B42D5AA0-F9A6-4234-9C4B-A05B11A64851}.Release + Profiler|Any CPU.ActiveCfg = Release + Profiler|x86
		{B42D5AA0-F9A6-4234-9C4B-A05B11A64851}.Release + Profiler|x64.ActiveCfg = Release + Profiler|x64
		{B42D5AA0-F9A6-4234-9C4B-A05B11A64851}.Release + Profiler|x64.Build.0 = Release + Profiler|x64
		{B42D5AA0-F9A6-4234-9C4B-A05B11A64851}.Release + Profiler|x86.ActiveCfg = Release + Profiler|x86
		{B42D5AA0-F9A6-4234-9C4B-A05B11A64851}.Release + Profiler|x86.Build.0 = Release + Profiler|x86
		{B42D5AA0-F9A6-4234-9C4B-A05B11A64851}.Release|Any CPU.ActiveCfg = Release|x86
		{B42D5AA0-F9A6-4234-9C4B-A05B11A64851}.Release|x64.ActiveCfg = Release|x64
		{B42D5AA0-F9A6-4234-9C4B-A05B11A64851}.Release|x64.Build.0 = Release|x64
		{B42D5AA0-F9A6-4234-9C4B-A05B11A64851}.Release|x86.ActiveCfg = Release|x86
		{B42D5AA0-F9A6-4234-9C4B-A05B11A64851}.Release|x86.Build.0 = Release|x86
		{B859BE0F-A992-476D-A642-FA8EFE94AAA5}.Debug + Profiler|Any CPU.ActiveCfg = Debug + Profiler|x86
		{B859BE0F-A992-476D-A642-FA8EFE94AAA5}.Debug + Profiler|x64.ActiveCfg = Debug + Profiler|x64
		{B859BE0F-A992-476D-A642-FA8EFE94AAA5}.Debug + Profiler|x64.Build.0 = Debug + Profiler|x64
		{B859BE0F-A992-476D-A642-FA8EFE94AAA5}.Debug + Profiler|x86.ActiveCfg = Debug + Profiler|x86
		{B859BE0F-A992-476D-A642-FA8EFE94AAA5}.Debug + Profiler|x86.Build.0 = Debug + Profiler|x86
		{B859BE0F-A992-476D-A642-FA8EFE94AAA5}.Debug|Any CPU.ActiveCfg = Debug|x86
		{B859BE0F-A992-476D-A642-FA8EFE94AAA5}.Debug|x64.ActiveCfg = Debug|x64
		{B859BE0F-A992-476D-A642-FA8EFE94AAA5}.Debug|x64.Build.0 = Debug|x64
		{B859BE0F-A992-476D-A642-FA8EFE94AAA5}.Debug|x86.ActiveCfg = Debug|x86
		{B859BE0F-A992-476D-A642-FA8EFE94AAA5}.Debug|x86.Build.0 = Debug|x86
		{B859BE0F-A992-476D-A642-FA8EFE94AAA5}.Release + Profiler|Any CPU.ActiveCfg = Release + Profiler|x86
		{B859BE0F-A992-476D-A642-FA8EFE94AAA5}.Release + Profiler|x64.ActiveCfg = Release + Profiler|x64
		{B859BE0F-A992-476D-A642-FA8EFE94AAA5}.Release + Profiler|x64.Build.0 = Release + Profiler|x64
		{B859BE0F-A992-476D-A642-FA8EFE94AAA5}.Release + Profiler|x86.ActiveCfg = Release + Profiler|x86
		{B859BE0F-A992-476D-A642-FA8EFE94AAA5}.Release + Profiler|x86.Build.0 = Release + Profiler|x86
		{B859BE0F-A992-476D-A642-FA8EFE94AAA5}.Release|Any CPU.ActiveCfg = Release|x86
		{B859BE0F-A992-476D-A642-FA8EFE94AAA5}.Release|x64.ActiveCfg = Release|x64
		{B859BE0F-A992-476D-A642-FA8EFE94AAA5}.Release|x64.Build.0 = Release|x64
		{B859BE0F-A992-476D-A642-FA8EFE94AAA5}.Release|x86.ActiveCfg = Release|x86
		{B859BE0F-A992-476D-A642-FA8EFE94AAA5}.Release|x86.Build.0 = Release|x86
		{A4761900-0EA3-4FE4-A919-847FD5080EFC}.Debug + Profiler|Any CPU.ActiveCfg = Debug + Profiler|x86
		{A4761900-0EA3-4FE4-A919-847FD5080EFC}.Debug + Profiler|x64.ActiveCfg = Debug + Profiler|x64
		{A4761900-0EA3-4FE4-A919-847FD5080EFC}.Debug + Profiler|x64.Build.0 = Debug + Profiler|x64
		{A4761900-0EA3-4FE4-A919-847FD5080EFC}.Debug + Profiler|x86.ActiveCfg = Debug + Profiler|x86
		{A4761900-0EA3-4FE4-A919-847FD5080EFC}.Debug + Profiler|x86.Build.0 = Debug + Profiler|x86
		{A4761900-0EA3-4FE4-A919-847FD5080EFC}.Debug|Any CPU.ActiveCfg = Debug|x86
		{A4761900-0EA3-4FE4-A919-847FD5080EFC}.Debug|x64.ActiveCfg = Debug|x64
		{A4761900-0EA3-4FE4-A919-847FD5080EFC}.Debug|x64.Build.0 = Debug|x64
		{A4761900-0EA3-4FE4-A919-847FD5080EFC}.Debug|x86.ActiveCfg = Debug|x86
		{A4761900-0EA3-4FE4-A919-847FD5080EFC}.Debug|x86.Build.0 = Debug|x86
		{A4761900-0EA3-4FE4-A919-847FD5080EFC}.Release + Profiler|Any CPU.ActiveCfg = Release + Profiler|x86
		{A4761900-0EA3-4FE4-A919-847FD5080EFC}.Release + Profiler|x64.ActiveCfg = Release + Profiler|x64
		{A4761900-0EA3-4FE4-A919-847FD5080EFC}.Release + Profiler|x64.Build.0 = Release + Profiler|x64
		{A4761900-0EA3-4FE4-A919-847FD5080EFC}.Release + Profiler|x86.ActiveCfg = Release + Profiler|x86
		{A4761900-0EA3-4FE4-A919-847FD5080EFC}.Release + Profiler|x86.Build.0 = Release + Profiler|x86
		{A4761900-0EA3-4FE4-A919-847FD5080EFC}.Release|Any CPU.ActiveCfg = Release|x86
		{A4761900-0EA3-4FE4-A919-847FD5080EFC}.Release|x64.ActiveCfg = Release|x64
		{A4761900-0EA3-4FE4-A919-847FD5080EFC}.Release|x64.Build.0 = Release|x64
		{A4761900-0EA3-4FE4-A919-847FD5080EFC}.Release|x86.ActiveCfg = Release|x86
		{A4761900-0EA3-4FE4-A919-847FD5080EFC}.Release|x86.Build.0 = Release|x86
		{BE7917F3-E6FE-4D5B-8FA9-B8E7668AC731}.Debug + Profiler|Any CPU.ActiveCfg = Debug + Profiler|x86
		{BE7917F3-E6FE-4D5B-8FA9-B8E7668AC731}.Debug + Profiler|x64.ActiveCfg = Debug + Profiler|x64
		{BE7917F3-E6FE-4D5B-8FA9-B8E7668AC731}.Debug + Profiler|x64.Build.0 = Debug + Profiler|x64
		{BE7917F3-E6FE-4D5B-8FA9-B8E7668AC731}.Debug + Profiler|x86.ActiveCfg = Debug + Profiler|x86
		{BE7917F3-E6FE-4D5B-8FA9-B8E7668AC731}.Debug + Profiler|x86.Build.0 = Debug + Profiler|x86
		{BE7917F3-E6FE-4D5B-8FA9-B8E7668AC731}.Debug|Any CPU.ActiveCfg = Debug|x86
		{BE7917F3-E6FE-4D5B-8FA9-B8E7668AC731}.Debug|x64.ActiveCfg = Debug|x64
		{BE7917F3-E6FE-4D5B-8FA9-B8E7668AC731}.Debug|x64.Build.0 = Debug|x64
		{BE7917F3-E6FE-4D5B-8FA9-B8E7668AC731}.Debug|x86.ActiveCfg = Debug|x86
		{BE7917F3-E6FE-4D5B-8FA9-B8E7668AC731}.Debug|x86.Build.0 = Debug|x86
		{BE7917F3-E6FE-4D5B-8FA9-B8E7668AC731}.Release + Profiler|Any CPU.ActiveCfg = Release + Profiler|x86
		{BE7917F3-E6FE-4D5B-8FA9-B8E7668AC731}.Release + Profiler|x64.ActiveCfg = Release + Profiler|x64
		{BE7917F3-E6FE-4D5B-8FA9-B8E7668AC731}.Release + Profiler|x64.Build.0 = Release + Profiler|x64
		{BE7917F3-E6FE-4D5B-8FA9-B8E7668AC731}.Release + Profiler|x86.ActiveCfg = Release + Profiler|x86
		{BE7917F3-E6FE-4D5B-8FA9-B8E7668AC731}.Release + Profiler|x86.Build.0 = Release + Profiler|x86
		{BE7917F3-E6FE-4D5B-8FA9-B8E7668AC731}.Release|Any CPU.ActiveCfg = Release|x86
		{BE7917F3-E6FE-4D5B-8FA9-B8E7668AC731}.Release|x64.ActiveCfg = Release|x64
		{BE7917F3-E6FE-4D5B-8FA9-B8E7668AC731}.Release|x64.Build.0 = Release|x64
		{BE7917F3-E6FE-4D5B-8FA9-B8E7668AC731}.Release|x86.ActiveCfg = Release|x86
		{BE7917F3-E6FE-4D5B-8FA9-B8E7668AC731}.Release|x86.Build.0 = Release|x86
		{58BD8A5B-1B48-435D-8473-A92F27D06C49}.Debug + Profiler|Any CPU.ActiveCfg = Debug + Profiler|x86
		{58BD8A5B-1B48-435D-8473-A92F27D06C49}.Debug + Profiler|x64.ActiveCfg = Debug + Profiler|x64
		{58BD8A5B-1B48-435D-8473-A92F27D06C49}.Debug + Profiler|x64.Build.0 = Debug + Profiler|x64
		{58BD8A5B-1B48-435D-8473-A92F27D06C49}.Debug + Profiler|x86.ActiveCfg = Debug + Profiler|x86
		{58BD8A5B-1B48-435D-8473-A92F27D06C49}.Debug + Profiler|x86.Build.0 = Debug + Profiler|x86
		{58BD8A5B-1B48-435D-8473-A92F27D06C49}.Debug|Any CPU.ActiveCfg = Debug|x86
		{58BD8A5B-1B48-435D-8473-A92F27D06C49}.Debug|x64.ActiveCfg = Debug|x64
		{58BD8A5B-1B48-435D-8473-A92F27D06C49}.Debug|x64.Build.0 = Debug|x64
		{58BD8A5B-1B48-435D-8473-A92F27D06C49}.Debug|x86.ActiveCfg = Debug|x86
		{58BD8A5B-1B48-435D-8473-A92F27D06C49}.Debug|x86.Build.0 = Debug|x86
		{58BD8A5B-1B48-435D-8473-A92F27D06C49}.Release + Profiler|Any CPU.ActiveCfg = Release + Profiler|x86
		{58BD8A5B-1B48-435D-8473-A92F27D06C49}.Release + Profiler|x64.ActiveCfg = Release + Profiler|x64
		{58BD8A5B-1B48-435D-8473-A92F27D06C49}.Release + Profiler|x64.Build.0 = Release + Profiler|x64
		{58BD8A5B-1B48-435D-8473-A92F27D06C49}.Release + Profiler|x86.ActiveCfg = Release + Profiler|x86
		{58BD8A5B-1B48-435D-8473-A92F27D06C49}.Release + Profiler|x86.Build.0 = Release + Profiler|x86
		{58BD8A5B-1B48-435D-8473-A92F27D06C49}.Release|Any CPU.ActiveCfg = Release|x86
		{58BD8A5B-1B48-435D-8473-A92F27D06C49}.Release|x64.ActiveCfg = Release|x64
		{58BD8A5B-1B48-435D-8473-A92F27D06C49}.Release|x64.Build.0 = Release|x64
		{58BD8A5B-1B48-435D-8473-A92F27D06C49}.Release|x86.ActiveCfg = Release|x86
		{58BD8A5B-1B48-435D-8473-A92F27D06C49}.Release|x86.Build.0 = Release|x86
		{9F244231-6A0C-42A6-87C5-ED9620DEE096}.Debug + Profiler|Any CPU.ActiveCfg = Debug + Profiler|x86
		{9F244231-6A0C-42A6-87C5-ED9620DEE096}.Debug + Profiler|x64.ActiveCfg = Debug + Profiler|x64
		{9F244231-6A0C-42A6-87C5-ED9620DEE096}.Debug + Profiler|x64.Build.0 = Debug + Profiler|x64
		{9F244231-6A0C-42A6-87C5-ED9620DEE096}.Debug + Profiler|x86.ActiveCfg = Debug + Profiler|x86
		{9F244231-6A0C-42A6-87C5-ED9620DEE096}.Debug + Profiler|x86.Build.0 = Debug + Profiler|x86
		{9F244231-6A0C-42A6-87C5-ED9620DEE096}.Debug|Any CPU.ActiveCfg = Debug|x86
		{9F244231-6A0C-42A6-87C5-ED9620DEE096}.Debug|x64.ActiveCfg = Debug|x64
		{9F244231-6A0C-42A6-87C5-ED9620DEE096}.Debug|x64.Build.0 = Debug|x64
		{9F244231-6A0C-42A6-87C5-ED9620DEE096}.Debug|x86.ActiveCfg = Debug|x86
		{9F244231-6A0C-42A6-87C5-ED9620DEE096}.Debug|x86.Build.0 = Debug|x86
		{9F244231-6A0C-42A6-87C5-ED9620DEE096}.Release + Profiler|Any CPU.ActiveCfg = Release + Profiler|x86
		{9F244231-6A0C-42A6-87C5-ED9620DEE096}.Release + Profiler|x64.ActiveCfg = Release + Profiler|x64
		{9F244231-6A0C-42A6-87C5-ED9620DEE096}.Release + Profiler|x64.Build.0 = Release + Profiler|x64
		{9F244231-6A0C-42A6-87C5-ED9620DEE096}.Release + Profiler|x86.ActiveCfg = Release + Profiler|x86
		{9F244231-6A0C-42A6-87C5-ED9620DEE096}.Release + Profiler|x86.Build.0 = Release + Profiler|x86
		{9F244231-6A0C-42A6-87C5-ED9620DEE096}.Release|Any CPU.ActiveCfg = Release|x86
		{9F244231-6A0C-42A6-87C5-ED9620DEE096}.Release|x64.ActiveCfg = Release|x64
		{9F244231-6A0C-42A6-87C5-ED9620DEE096}.Release|x64.Build.0 = Release|x64
		{9F244231-6A0C-42A6-87C5-ED9620DEE096}.Release|x86.ActiveCfg = Release|x86
		{9F244231-6A0C-42A6-87C5-ED9620DEE096}.Release|x86.Build.0 = Release|x86
		{F49EFF6D-51CB-4E49-8223-AAE653C5B62F}.Debug + Profiler|Any CPU.ActiveCfg = Debug + Profiler|x86
		{F49EFF6D-51CB-4E49-8223-AAE653C5B62F}.Debug + Profiler|x64.ActiveCfg = Debug + Profiler|x64
		{F49EFF6D-51CB-4E49-8223-AAE653C5B62F}.Debug + Profiler|x64.Build.0 = Debug + Profiler|x64
		{F49EFF6D-51CB-4E49-8223-AAE653C5B62F}.Debug + Profiler|x86.ActiveCfg = Debug + Profiler|x86
		{F49EFF6D-51CB-4E49-8223-AAE653C5B62F}.Debug + Profiler|x86.Build.0 = Debug + Profiler|x86
		{F49EFF6D-51CB-4E49-8223-AAE653C5B62F}.Debug|Any CPU.ActiveCfg = Debug|x86
		{F49EFF6D-51CB-4E49-8223-AAE653C5B62F}.Debug|x64.ActiveCfg = Debug|x64
		{F49EFF6D-51CB-4E49-8223-AAE653C5B62F}.Debug|x64.Build.0 = Debug|x64
		{F49EFF6D-51CB-4E49-8223-AAE653C5B62F}.Debug|x86.ActiveCfg = Debug|x86
		{F49EFF6D-51CB-4E49-8223-AAE653C5B62F}.Debug|x86.Build.0 = Debug|x86
		{F49EFF6D-51CB-4E49-8223-AAE653C5B62F}.Release + Profiler|Any CPU.ActiveCfg = Release + Profiler|x86
		{F49EFF6D-51CB-4E49-8223-AAE653C5B62F}.Release + Profiler|x64.ActiveCfg = Release + Profiler|x64
		{F49EFF6D-51CB-4E49-8223-AAE653C5B62F}.Release + Profiler|x64.Build.0 = Release + Profiler|x64
		{F49EFF6D-51CB-4E49-8223-AAE653C5B62F}.Release + Profiler|x86.ActiveCfg = Release + Profiler|x86
		{F49EFF6D-51CB-4E49-8223-AAE653C5B62F}.Release + Profiler|x86.Build.0 = Release + Profiler|x86
		{F49EFF6D-51CB-4E49-8223-AAE653C5B62F}.Release|Any CPU.ActiveCfg = Release|x86
		{F49EFF6D-51CB-4E49-8223-AAE653C5B62F}.Release|x64.ActiveCfg = Release|x64
		{F49EFF6D-51CB-4E49-8223-AAE653C5B62F}.Release|x64.Build.0 = Release|x64
		{F49EFF6D-51CB-4E49-8223-AAE653C5B62F}.Release|x86.ActiveCfg = Release|x86
		{F49EFF6D-51CB-4E49-8223-AAE653C5B62F}.Release|x86.Build.0 = Release|x86
		{CF670175-7099-4090-A330-EE25C7230139}.Debug + Profiler|Any CPU.ActiveCfg = Debug + Profiler|x86
		{CF670175-7099-4090-A330-EE25C7230139}.Debug + Profiler|x64.ActiveCfg = Debug + Profiler|x64
		{CF670175-7099-4090-A330-EE25C7230139}.Debug + Profiler|x64.Build.0 = Debug + Profiler|x64
		{CF670175-7099-4090-A330-EE25C7230139}.Debug + Profiler|x86.ActiveCfg = Debug + Profiler|x86
		{CF670175-7099-4090-A330-EE25C7230139}.Debug + Profiler|x86.Build.0 = Debug + Profiler|x86
		{CF670175-7099-4090-A330-EE25C7230139}.Debug|Any CPU.ActiveCfg = Debug|x86
		{CF670175-7099-4090-A330-EE25C7230139}.Debug|x64.ActiveCfg = Debug|x64
		{CF670175-7099-4090-A330-EE25C7230139}.Debug|x64.Build.0 = Debug|x64
		{CF670175-7099-4090-A330-EE25C7230139}.Debug|x86.ActiveCfg = Debug|x86
		{CF670175-7099-4090-A330-EE25C7230139}.Debug|x86.Build.0 = Debug|x86
		{CF670175-7099-4090-A330-EE25C7230139}.Release + Profiler|Any CPU.ActiveCfg = Release + Profiler|x86
		{CF670175-7099-4090-A330-EE25C7230139}.Release + Profiler|x64.ActiveCfg = Release + Profiler|x64
		{CF670175-7099-4090-A330-EE25C7230139}.Release + Profiler|x64.Build.0 = Release + Profiler|x64
		{CF670175-7099-4090-A330-EE25C7230139}.Release + Profiler|x86.ActiveCfg = Release + Profiler|x86
		{CF670175-7099-4090-A330-EE25C7230139}.Release + Profiler|x86.Build.0 = Release + Profiler|x86
		{CF670175-7099-4090-A330-EE25C7230139}.Release|Any CPU.ActiveCfg = Release|x86
		{CF670175-7099-4090-A330-EE25C7230139}.Release|x64.ActiveCfg = Release|x64
		{CF670175-7099-4090-A330-EE25C7230139}.Release|x64.Build.0 = Release|x64
		{CF670175-7099-4090-A330-EE25C7230139}.Release|x86.ActiveCfg = Release|x86
		{CF670175-7099-4090-A330-EE25C7230139}.Release|x86.Build.0 = Release|x86
		{F59B344C-DD50-4DB7-ADDD-56AAD66450AF}.Debug + Profiler|Any CPU.ActiveCfg = Debug + Profiler|x86
		{F59B344C-DD50-4DB7-ADDD-56AAD66450AF}.Debug + Profiler|x64.ActiveCfg = Debug + Profiler|x64
		{F59B344C-DD50-4DB7-ADDD-56AAD66450AF}.Debug + Profiler|x64.Build.0 = Debug + Profiler|x64
		{F59B344C-DD50-4DB7-ADDD-56AAD66450AF}.Debug + Profiler|x86.ActiveCfg = Debug + Profiler|x86
		{F59B344C-DD50-4DB7-ADDD-56AAD66450AF}.Debug + Profiler|x86.Build.0 = Debug + Profiler|x86
		{F59B344C-DD50-4DB7-ADDD-56AAD66450AF}.Debug|Any CPU.ActiveCfg = Debug|x86
		{F59B344C-DD50-4DB7-ADDD-56AAD66450AF}.Debug|x64.ActiveCfg = Debug|x64
		{F59B344C-DD50-4DB7-ADDD-56AAD66450AF}.Debug|x64.Build.0 = Debug|x64
		{F59B344C-DD50-4DB7-ADDD-56AAD66450AF}.Debug|x86.ActiveCfg = Debug|x86
		{F59B344C-DD50-4DB7-ADDD-56AAD66450AF}.Debug|x86.Build.0 = Debug|x86
		{F59B344C-DD50-4DB7-ADDD-56AAD66450AF}.Release + Profiler|Any CPU.ActiveCfg = Release + Profiler|x86
		{F59B344C-DD50-4DB7-ADDD-56AAD66450AF}.Release + Profiler|x64.ActiveCfg = Release + Profiler|x64
		{F59B344C-DD50-4DB7-ADDD-56AAD66450AF}.Release + Profiler|x64.Build.0 = Release + Profiler|x64
		{F59B344C-DD50-4DB7-ADDD-56AAD66450AF}.Release + Profiler|x86.ActiveCfg = Release + Profiler|x86
		{F59B344C-DD50-4DB7-ADDD-56AAD66450AF}.Release + Profiler|x86.Build.0 = Release + Profiler|x86
		{F59B344C-DD50-4DB7-ADDD-56AAD66450AF}.Release|Any CPU.ActiveCfg = Release|x86
		{F59B344C-DD50-4DB7-ADDD-56AAD66450AF}.Release|x64.ActiveCfg = Release|x64
		{F59B344C-DD50-4DB7-ADDD-56AAD66450AF}.Release|x64.Build.0 = Release|x64
		{F59B344C-DD50-4DB7-ADDD-56AAD66450AF}.Release|x86.ActiveCfg = Release|x86
		{F59B344C-DD50-4DB7-ADDD-56AAD66450AF}.Release|x86.Build.0 = Release|x86
		{3F365121-906B-409D-BB1E-37E0A78056C2}.Debug + Profiler|Any CPU.ActiveCfg = Debug + Profiler|x86
		{3F365121-906B-409D-BB1E-37E0A78056C2}.Debug + Profiler|x64.ActiveCfg = Debug + Profiler|x64
		{3F365121-906B-409D-BB1E-37E0A78056C2}.Debug + Profiler|x64.Build.0 = Debug + Profiler|x64
		{3F365121-906B-409D-BB1E-37E0A78056C2}.Debug + Profiler|x86.ActiveCfg = Debug + Profiler|x86
		{3F365121-906B-409D-BB1E-37E0A78056C2}.Debug + Profiler|x86.Build.0 = Debug + Profiler|x86
		{3F365121-906B-409D-BB1E-37E0A78056C2}.Debug|Any CPU.ActiveCfg = Debug|x86
		{3F365121-906B-409D-BB1E-37E0A78056C2}.Debug|x64.ActiveCfg = Debug|x64
		{3F365121-906B-409D-BB1E-37E0A78056C2}.Debug|x64.Build.0 = Debug|x64
		{3F365121-906B-409D-BB1E-37E0A78056C2}.Debug|x86.ActiveCfg = Debug|x86
		{3F365121-906B-409D-BB1E-37E0A78056C2}.Debug|x86.Build.0 = Debug|x86
		{3F365121-906B-409D-BB1E-37E0A78056C2}.Release + Profiler|Any CPU.ActiveCfg = Release + Profiler|x86
		{3F365121-906B-409D-BB1E-37E0A78056C2}.Release + Profiler|x64.ActiveCfg = Release + Profiler|x64
		{3F365121-906B-409D-BB1E-37E0A78056C2}.Release + Profiler|x64.Build.0 = Release + Profiler|x64
		{3F365121-906B-409D-BB1E-37E0A78056C2}.Release + Profiler|x86.ActiveCfg = Release + Profiler|x86
		{3F365121-906B-409D-BB1E-37E0A78056C2}.Release + Profiler|x86.Build.0 = Release + Profiler|x86
		{3F365121-906B-409D-BB1E-37E0A78056C2}.Release|Any CPU.ActiveCfg = Release|x86
		{3F365121-906B-409D-BB1E-37E0A78056C2}.Release|x64.ActiveCfg = Release|x64
		{3F365121-906B-409D-BB1E-37E0A78056C2}.Release|x64.Build.0 = Release|x64
		{3F365121-906B-409D-BB1E-37E0A78056C2}.Release|x86.ActiveCfg = Release|x86
		{3F365121-906B-409D-BB1E-37E0A78056C2}.Release|x86.Build.0 = Release|x86
		{B33F68D5-1335-400C-A1D7-7F5602A030EF}.Debug + Profiler|Any CPU.ActiveCfg = Release|x86
		{B33F68D5-1335-400C-A1D7-7F5602A030EF}.Debug + Profiler|Any CPU.Build.0 = Release|x86
		{B33F68D5-1335-400C-A1D7-7F5602A030EF}.Debug + Profiler|x64.ActiveCfg = Debug|x64
		{B33F68D5-1335-400C-A1D7-7F5602A030EF}.Debug + Profiler|x64.Build.0 = Debug|x64
		{B33F68D5-1335-400C-A1D7-7F5602A030EF}.Debug + Profiler|x86.ActiveCfg = Debug|x86
		{B33F68D5-1335-400C-A1D7-7F5602A030EF}.Debug + Profiler|x86.Build.0 = Debug|x86
		{B33F68D5-1335-400C-A1D7-7F5602A030EF}.Debug|Any CPU.ActiveCfg = Debug|x86
		{B33F68D5-1335-400C-A1D7-7F5602A030EF}.Debug|x64.ActiveCfg = Debug|x64
		{B33F68D5-1335-400C-A1D7-7F5602A030EF}.Debug|x64.Build.0 = Debug|x64
		{B33F68D5-1335-400C-A1D7-7F5602A030EF}.Debug|x86.ActiveCfg = Debug|x86
		{B33F68D5-1335-400C-A1D7-7F5602A030EF}.Debug|x86.Build.0 = Debug|x86
		{B33F68D5-1335-400C-A1D7-7F5602A030EF}.Release + Profiler|Any CPU.ActiveCfg = Release|x86
		{B33F68D5-1335-400C-A1D7-7F5602A030EF}.Release + Profiler|Any CPU.Build.0 = Release|x86
		{B33F68D5-1335-400C-A1D7-7F5602A030EF}.Release + Profiler|x64.ActiveCfg = Release|x64
		{B33F68D5-1335-400C-A1D7-7F5602A030EF}.Release + Profiler|x64.Build.0 = Release|x64
		{B33F68D5-1335-400C-A1D7-7F5602A030EF}.Release + Profiler|x86.ActiveCfg = Release|x86
		{B33F68D5-1335-400C-A1D7-7F5602A030EF}.Release + Profiler|x86.Build.0 = Release|x86
		{B33F68D5-1335-400C-A1D7-7F5602A030EF}.Release|Any CPU.ActiveCfg = Release|x86
		{B33F68D5-1335-400C-A1D7-7F5602A030EF}.Release|x64.ActiveCfg = Release|x64
		{B33F68D5-1335-400C-A1D7-7F5602A030EF}.Release|x64.Build.0 = Release|x64
		{B33F68D5-1335-400C-A1D7-7F5602A030EF}.Release|x86.ActiveCfg = Release|x86
		{B33F68D5-1335-400C-A1D7-7F5602A030EF}.Release|x86.Build.0 = Release|x86
		{78938655-9807-485E-9D4B-46226DC7AD27}.Debug + Profiler|Any CPU.ActiveCfg = Release|x64
		{78938655-9807-485E-9D4B-46226DC7AD27}.Debug + Profiler|Any CPU.Build.0 = Release|x64
		{78938655-9807-485E-9D4B-46226DC7AD27}.Debug + Profiler|x64.ActiveCfg = Debug|x64
		{78938655-9807-485E-9D4B-46226DC7AD27}.Debug + Profiler|x64.Build.0 = Debug|x64
		{78938655-9807-485E-9D4B-46226DC7AD27}.Debug + Profiler|x86.ActiveCfg = Debug|Win32
		{78938655-9807-485E-9D4B-46226DC7AD27}.Debug + Profiler|x86.Build.0 = Debug|Win32
		{78938655-9807-485E-9D4B-46226DC7AD27}.Debug|Any CPU.ActiveCfg = Debug|Win32
		{78938655-9807-485E-9D4B-46226DC7AD27}.Debug|x64.ActiveCfg = Debug|x64
		{78938655-9807-485E-9D4B-46226DC7AD27}.Debug|x64.Build.0 = Debug|x64
		{78938655-9807-485E-9D4B-46226DC7AD27}.Debug|x86.ActiveCfg = Debug|Win32
		{78938655-9807-485E-9D4B-46226DC7AD27}.Debug|x86.Build.0 = Debug|Win32
		{78938655-9807-485E-9D4B-46226DC7AD27}.Release + Profiler|Any CPU.ActiveCfg = Release|x64
		{78938655-9807-485E-9D4B-46226DC7AD27}.Release + Profiler|Any CPU.Build.0 = Release|x64
		{78938655-9807-485E-9D4B-46226DC7AD27}.Release + Profiler|x64.ActiveCfg = Release|x64
		{78938655-9807-485E-9D4B-46226DC7AD27}.Release + Profiler|x64.Build.0 = Release|x64
		{78938655-9807-485E-9D4B-46226DC7AD27}.Release + Profiler|x86.ActiveCfg = Release|Win32
		{78938655-9807-485E-9D4B-46226DC7AD27}.Release + Profiler|x86.Build.0 = Release|Win32
		{78938655-9807-485E-9D4B-46226DC7AD27}.Release|Any CPU.ActiveCfg = Release|Win32
		{78938655-9807-485E-9D4B-46226DC7AD27}.Release|x64.ActiveCfg = Release|x64
		{78938655-9807-485E-9D4B-46226DC7AD27}.Release|x64.Build.0 = Release|x64
		{78938655-9807-485E-9D4B-46226DC7AD27}.Release|x86.ActiveCfg = Release|Win32
		{78938655-9807-485E-9D4B-46226DC7AD27}.Release|x86.Build.0 = Release|Win32
		{88CFD996-027B-4CBE-9828-26B2728B6127}.Debug + Profiler|Any CPU.ActiveCfg = Debug|Any CPU
		{88CFD996-027B-4CBE-9828-26B2728B6127}.Debug + Profiler|Any CPU.Build.0 = Debug|Any CPU
		{88CFD996-027B-4CBE-9828-26B2728B6127}.Debug + Profiler|x64.ActiveCfg = Debug|x64
		{88CFD996-027B-4CBE-9828-26B2728B6127}.Debug + Profiler|x64.Build.0 = Debug|x64
		{88CFD996-027B-4CBE-9828-26B2728B6127}.Debug + Profiler|x86.ActiveCfg = Debug|x86
		{88CFD996-027B-4CBE-9828-26B2728B6127}.Debug + Profiler|x86.Build.0 = Debug|x86
		{88CFD996-027B-4CBE-9828-26B2728B6127}.Debug|Any CPU.ActiveCfg = Debug|Any CPU
		{88CFD996-027B-4CBE-9828-26B2728B6127}.Debug|Any CPU.Build.0 = Debug|Any CPU
		{88CFD996-027B-4CBE-9828-26B2728B6127}.Debug|x64.ActiveCfg = Debug|x64
		{88CFD996-027B-4CBE-9828-26B2728B6127}.Debug|x64.Build.0 = Debug|x64
		{88CFD996-027B-4CBE-9828-26B2728B6127}.Debug|x86.ActiveCfg = Debug|x86
		{88CFD996-027B-4CBE-9828-26B2728B6127}.Debug|x86.Build.0 = Debug|x86
		{88CFD996-027B-4CBE-9828-26B2728B6127}.Release + Profiler|Any CPU.ActiveCfg = Release|Any CPU
		{88CFD996-027B-4CBE-9828-26B2728B6127}.Release + Profiler|Any CPU.Build.0 = Release|Any CPU
		{88CFD996-027B-4CBE-9828-26B2728B6127}.Release + Profiler|x64.ActiveCfg = Release|x64
		{88CFD996-027B-4CBE-9828-26B2728B6127}.Release + Profiler|x64.Build.0 = Release|x64
		{88CFD996-027B-4CBE-9828-26B2728B6127}.Release + Profiler|x86.ActiveCfg = Release|x86
		{88CFD996-027B-4CBE-9828-26B2728B6127}.Release + Profiler|x86.Build.0 = Release|x86
		{88CFD996-027B-4CBE-9828-26B2728B6127}.Release|Any CPU.ActiveCfg = Release|Any CPU
		{88CFD996-027B-4CBE-9828-26B2728B6127}.Release|Any CPU.Build.0 = Release|Any CPU
		{88CFD996-027B-4CBE-9828-26B2728B6127}.Release|x64.ActiveCfg = Release|x64
		{88CFD996-027B-4CBE-9828-26B2728B6127}.Release|x64.Build.0 = Release|x64
		{88CFD996-027B-4CBE-9828-26B2728B6127}.Release|x86.ActiveCfg = Release|x86
		{88CFD996-027B-4CBE-9828-26B2728B6127}.Release|x86.Build.0 = Release|x86
		{3088C327-5FFB-49A0-8D40-58E92D89DF07}.Debug + Profiler|Any CPU.ActiveCfg = Release|x86
		{3088C327-5FFB-49A0-8D40-58E92D89DF07}.Debug + Profiler|Any CPU.Build.0 = Release|x86
		{3088C327-5FFB-49A0-8D40-58E92D89DF07}.Debug + Profiler|x64.ActiveCfg = Debug|x64
		{3088C327-5FFB-49A0-8D40-58E92D89DF07}.Debug + Profiler|x64.Build.0 = Debug|x64
		{3088C327-5FFB-49A0-8D40-58E92D89DF07}.Debug + Profiler|x86.ActiveCfg = Debug|x86
		{3088C327-5FFB-49A0-8D40-58E92D89DF07}.Debug + Profiler|x86.Build.0 = Debug|x86
		{3088C327-5FFB-49A0-8D40-58E92D89DF07}.Debug|Any CPU.ActiveCfg = Debug|x86
		{3088C327-5FFB-49A0-8D40-58E92D89DF07}.Debug|x64.ActiveCfg = Debug|x64
		{3088C327-5FFB-49A0-8D40-58E92D89DF07}.Debug|x64.Build.0 = Debug|x64
		{3088C327-5FFB-49A0-8D40-58E92D89DF07}.Debug|x86.ActiveCfg = Debug|x86
		{3088C327-5FFB-49A0-8D40-58E92D89DF07}.Debug|x86.Build.0 = Debug|x86
		{3088C327-5FFB-49A0-8D40-58E92D89DF07}.Release + Profiler|Any CPU.ActiveCfg = Release|x86
		{3088C327-5FFB-49A0-8D40-58E92D89DF07}.Release + Profiler|Any CPU.Build.0 = Release|x86
		{3088C327-5FFB-49A0-8D40-58E92D89DF07}.Release + Profiler|x64.ActiveCfg = Release|x64
		{3088C327-5FFB-49A0-8D40-58E92D89DF07}.Release + Profiler|x64.Build.0 = Release|x64
		{3088C327-5FFB-49A0-8D40-58E92D89DF07}.Release + Profiler|x86.ActiveCfg = Release|x86
		{3088C327-5FFB-49A0-8D40-58E92D89DF07}.Release + Profiler|x86.Build.0 = Release|x86
		{3088C327-5FFB-49A0-8D40-58E92D89DF07}.Release|Any CPU.ActiveCfg = Release|x86
		{3088C327-5FFB-49A0-8D40-58E92D89DF07}.Release|x64.ActiveCfg = Release|x64
		{3088C327-5FFB-49A0-8D40-58E92D89DF07}.Release|x64.Build.0 = Release|x64
		{3088C327-5FFB-49A0-8D40-58E92D89DF07}.Release|x86.ActiveCfg = Release|x86
		{3088C327-5FFB-49A0-8D40-58E92D89DF07}.Release|x86.Build.0 = Release|x86
	EndGlobalSection
	GlobalSection(SolutionProperties) = preSolution
		HideSolutionNode = FALSE
	EndGlobalSection
	GlobalSection(ExtensibilityGlobals) = postSolution
		SolutionGuid = {3B8A71AA-A484-4F99-AE33-F11E20476E10}
	EndGlobalSection
EndGlobal
